PODS:
  - ZSBaseUtil (0.2.2):
    - ZSBaseUtil/Defult (= 0.2.2)
  - ZSBaseUtil/Defult (0.2.2)

DEPENDENCIES:
  - ZSBaseUtil (from `../`)

EXTERNAL SOURCES:
  ZSBaseUtil:
    :path: "../"

SPEC CHECKSUMS:
  ZSBaseUtil: 3b2c3fcd097c319297087611682a1d5f119eccf0

PODFILE CHECKSUM: 817c5d41ec4a8ff89968fdffef3dff78d2af0a3e

COCOAPODS: 1.7.5
